Microsoft Visual Studio Solution File, Format Version 12.00
# Visual Studio Version 17
VisualStudioVersion = 17.0.31903.59
MinimumVisualStudioVersion = 10.0.40219.1
Project("{2150E333-8FDC-42A3-9474-1A3956D46DE8}") = "..root", "..root", "{D5CA4759-C35B-4768-9681-D8F079B77365}"
	ProjectSection(SolutionItems) = preProject
		.editorconfig = .editorconfig
		.gitattributes = .gitattributes
		.gitignore = .gitignore
		Directory.Build.props = Directory.Build.props
		Directory.Build.targets = Directory.Build.targets
		Directory.Packages.props = Directory.Packages.props
		LICENSE = LICENSE
	EndProjectSection
EndProject
Project("{2150E333-8FDC-42A3-9474-1A3956D46DE8}") = ".github", ".github", "{109C7F4F-0B18-4739-A4BD-FAA6A56A821B}"
	ProjectSection(SolutionItems) = preProject
		.github\dependabot.yml = .github\dependabot.yml
	EndProjectSection
EndProject
Project("{2150E333-8FDC-42A3-9474-1A3956D46DE8}") = "src", "src", "{FBDE6A34-BBE1-4759-B75A-E597D3A1A37E}"
EndProject
Project("{FAE04EC0-301F-11D3-BF4B-00C04F79EFBC}") = "THNETII.MSBuild.Logging", "src\THNETII.MSBuild.Logging\THNETII.MSBuild.Logging.csproj", "{A4B495CE-97BC-4E00-BF0C-723B175B040A}"
EndProject
Global
	GlobalSection(SolutionConfigurationPlatforms) = preSolution
		Debug|Any CPU = Debug|Any CPU
		Release|Any CPU = Release|Any CPU
	EndGlobalSection
	GlobalSection(SolutionProperties) = preSolution
		HideSolutionNode = FALSE
	EndGlobalSection
	GlobalSection(ProjectConfigurationPlatforms) = postSolution
		{A4B495CE-97BC-4E00-BF0C-723B175B040A}.Debug|Any CPU.ActiveCfg = Debug|Any CPU
		{A4B495CE-97BC-4E00-BF0C-723B175B040A}.Debug|Any CPU.Build.0 = Debug|Any CPU
		{A4B495CE-97BC-4E00-BF0C-723B175B040A}.Release|Any CPU.ActiveCfg = Release|Any CPU
		{A4B495CE-97BC-4E00-BF0C-723B175B040A}.Release|Any CPU.Build.0 = Release|Any CPU
	EndGlobalSection
	GlobalSection(NestedProjects) = preSolution
		{A4B495CE-97BC-4E00-BF0C-723B175B040A} = {FBDE6A34-BBE1-4759-B75A-E597D3A1A37E}
	EndGlobalSection
EndGlobal
